{
  "name": "@ethiclab/http-get",
  "version": "1.0.0",
  "lockfileVersion": 1,
  "requires": true,
  "dependencies": {
    "xmlhttprequest-ssl": {
      "version": "1.6.0",
      "resolved": "https://registry.npmjs.org/xmlhttprequest-ssl/-/xmlhttprequest-ssl-1.6.0.tgz",
      "integrity": "sha512-z59ztoKPjoFdK6uki5DRiMwPCYtHgp42vCamEpirB9j6zqnbNYBp/2GfrTEOG6IcS9OoMWmIiauU6d2RQNcdbA==",
      "dev": true
    }
  }
}
