{
  "name": "@ethiclab/http-get",
  "version": "1.0.0",
  "lockfileVersion": 1,
  "requires": true,
  "dependencies": {
    "@ethiclab/xmlhttprequest": {
      "version": "1.8.0",
      "resolved": "https://registry.npmjs.org/@ethiclab/xmlhttprequest/-/xmlhttprequest-1.8.0.tgz",
      "integrity": "sha512-SpZjil3sq0lo7/pwgHmvcYRHzO/T9qstCB0ThhdVO45Sx6uL4N4yHIXqlL698CGbCrw0CuNaZPajHhdD3Mk1jg==",
      "dev": true
    }
  }
}
